
Microsoft Visual Studio Solution File, Format Version 12.00
# Visual Studio Version 16
VisualStudioVersion = 16.0.32228.343
MinimumVisualStudioVersion = 10.0.40219.1
Project("{FAE04EC0-301F-11D3-BF4B-00C04F79EFBC}") = "AndOrCondition", "AndOrCondition\AndOrCondition.csproj", "{463EBCDA-5EE9-473A-9446-EBDC4E742B9A}"
EndProject
Global
	GlobalSection(SolutionConfigurationPlatforms) = preSolution
		Debug|Any CPU = Debug|Any CPU
		Release|Any CPU = Release|Any CPU
	EndGlobalSection
	GlobalSection(ProjectConfigurationPlatforms) = postSolution
		{463EBCDA-5EE9-473A-9446-EBDC4E742B9A}.Debug|Any CPU.ActiveCfg = Debug|Any CPU
		{463EBCDA-5EE9-473A-9446-EBDC4E742B9A}.Debug|Any CPU.Build.0 = Debug|Any CPU
		{463EBCDA-5EE9-473A-9446-EBDC4E742B9A}.Release|Any CPU.ActiveCfg = Release|Any CPU
		{463EBCDA-5EE9-473A-9446-EBDC4E742B9A}.Release|Any CPU.Build.0 = Release|Any CPU
	EndGlobalSection
	GlobalSection(SolutionProperties) = preSolution
		HideSolutionNode = FALSE
	EndGlobalSection
	GlobalSection(ExtensibilityGlobals) = postSolution
		SolutionGuid = {3EAC585F-2715-4DD9-88C0-CD3EA77B857F}
	EndGlobalSection
EndGlobal
